// !$*UTF8*$!
{
	archiveVersion = 1;
	classes = {
	};
	objectVersion = 48;
	objects = {

/* Begin PBXBuildFile section */
		2624F4A7200D40F300CE1DCF /* User.swift in Sources */ = {isa = PBXBuildFile; fileRef = 2624F4A6200D40F300CE1DCF /* User.swift */; };
		2624F4AA200E797100CE1DCF /* UserController.swift in Sources */ = {isa = PBXBuildFile; fileRef = 2624F4A9200E797100CE1DCF /* UserController.swift */; };
		2624F4AF200FEA5700CE1DCF /* NewsViewController.swift in Sources */ = {isa = PBXBuildFile; fileRef = 2624F4AE200FEA5700CE1DCF /* NewsViewController.swift */; };
		2624F4B1200FEB9800CE1DCF /* NewsTableViewCell.swift in Sources */ = {isa = PBXBuildFile; fileRef = 2624F4B0200FEB9800CE1DCF /* NewsTableViewCell.swift */; };
		2624F4B3200FEF4A00CE1DCF /* NewsController.swift in Sources */ = {isa = PBXBuildFile; fileRef = 2624F4B2200FEF4A00CE1DCF /* NewsController.swift */; };
		2628AE671FE9AE5200A6C37A /* StringExtension.swift in Sources */ = {isa = PBXBuildFile; fileRef = 2628AE661FE9AE5200A6C37A /* StringExtension.swift */; };
		2628AE6A1FEEA58000A6C37A /* Language.swift in Sources */ = {isa = PBXBuildFile; fileRef = 2628AE691FEEA58000A6C37A /* Language.swift */; };
		2628AE821FEEE0D200A6C37A /* Main.storyboard in Resources */ = {isa = PBXBuildFile; fileRef = 2628AE801FEEE0D100A6C37A /* Main.storyboard */; };
		2628BB03203B6DE500B2106E /* Attendance.swift in Sources */ = {isa = PBXBuildFile; fileRef = 2628BB02203B6DE500B2106E /* Attendance.swift */; };
		2628BB07203B6E3E00B2106E /* AttendancesController.swift in Sources */ = {isa = PBXBuildFile; fileRef = 2628BB06203B6E3E00B2106E /* AttendancesController.swift */; };
		2628BB0B203B72FC00B2106E /* AttendanceViewController.swift in Sources */ = {isa = PBXBuildFile; fileRef = 2628BB0A203B72FC00B2106E /* AttendanceViewController.swift */; };
		2628BB0D203B731300B2106E /* AttendanceTableViewCell.swift in Sources */ = {isa = PBXBuildFile; fileRef = 2628BB0C203B731300B2106E /* AttendanceTableViewCell.swift */; };
		262A29C02013E8B8004C0F7F /* StatusDataViewController.swift in Sources */ = {isa = PBXBuildFile; fileRef = 262A29BF2013E8B8004C0F7F /* StatusDataViewController.swift */; };
		262A29C42014BF78004C0F7F /* StudentDataController.swift in Sources */ = {isa = PBXBuildFile; fileRef = 262A29C32014BF78004C0F7F /* StudentDataController.swift */; };
		262A29C72014C63F004C0F7F /* StatusDataTableViewCell.swift in Sources */ = {isa = PBXBuildFile; fileRef = 262A29C62014C63F004C0F7F /* StatusDataTableViewCell.swift */; };
		262A29C92014C921004C0F7F /* StudentData.swift in Sources */ = {isa = PBXBuildFile; fileRef = 262A29C82014C921004C0F7F /* StudentData.swift */; };
		2632B1A9202A637800AC7148 /* DoubleExtension.swift in Sources */ = {isa = PBXBuildFile; fileRef = 2632B1A8202A637800AC7148 /* DoubleExtension.swift */; };
		2632B1AC202BA4F400AC7148 /* eUniversityError.swift in Sources */ = {isa = PBXBuildFile; fileRef = 2632B1AB202BA4F400AC7148 /* eUniversityError.swift */; };
		2640776F2012363A000D6073 /* News.swift in Sources */ = {isa = PBXBuildFile; fileRef = 2640776E2012363A000D6073 /* News.swift */; };
		265E33CB20068A890033B393 /* GoogleService-Info.plist in Resources */ = {isa = PBXBuildFile; fileRef = 265E33CA20068A890033B393 /* GoogleService-Info.plist */; };
		265E33CE2007C6B70033B393 /* Login.storyboard in Resources */ = {isa = PBXBuildFile; fileRef = 265E33CD2007C6B70033B393 /* Login.storyboard */; };
		265E33D12007C7740033B393 /* LoginViewController.swift in Sources */ = {isa = PBXBuildFile; fileRef = 265E33D02007C7740033B393 /* LoginViewController.swift */; };
		265E33D42007D5720033B393 /* ApiClient.swift in Sources */ = {isa = PBXBuildFile; fileRef = 265E33D32007D5720033B393 /* ApiClient.swift */; };
		26689EA61FD88D750081FA12 /* AppDelegate.swift in Sources */ = {isa = PBXBuildFile; fileRef = 26689EA51FD88D750081FA12 /* AppDelegate.swift */; };
		26689EA81FD88D750081FA12 /* FirstViewController.swift in Sources */ = {isa = PBXBuildFile; fileRef = 26689EA71FD88D750081FA12 /* FirstViewController.swift */; };
		26689EAA1FD88D750081FA12 /* SecondViewController.swift in Sources */ = {isa = PBXBuildFile; fileRef = 26689EA91FD88D750081FA12 /* SecondViewController.swift */; };
		26689EAF1FD88D750081FA12 /* Assets.xcassets in Resources */ = {isa = PBXBuildFile; fileRef = 26689EAE1FD88D750081FA12 /* Assets.xcassets */; };
		26689EB21FD88D750081FA12 /* LaunchScreen.storyboard in Resources */ = {isa = PBXBuildFile; fileRef = 26689EB01FD88D750081FA12 /* LaunchScreen.storyboard */; };
		26689EBD1FD88D750081FA12 /* eUniversityTests.swift in Sources */ = {isa = PBXBuildFile; fileRef = 26689EBC1FD88D750081FA12 /* eUniversityTests.swift */; };
		26689EC81FD88D750081FA12 /* eUniversityUITests.swift in Sources */ = {isa = PBXBuildFile; fileRef = 26689EC71FD88D750081FA12 /* eUniversityUITests.swift */; };
		26770275201A6DD6006D0590 /* StudentDataTableViewCell.swift in Sources */ = {isa = PBXBuildFile; fileRef = 26770274201A6DD6006D0590 /* StudentDataTableViewCell.swift */; };
		269598ED201D3DB6006641EB /* GradesViewController.swift in Sources */ = {isa = PBXBuildFile; fileRef = 269598EC201D3DB6006641EB /* GradesViewController.swift */; };
		269598EF201D3DD0006641EB /* GradesTableViewCell.swift in Sources */ = {isa = PBXBuildFile; fileRef = 269598EE201D3DD0006641EB /* GradesTableViewCell.swift */; };
		269598F1201D4059006641EB /* GradesController.swift in Sources */ = {isa = PBXBuildFile; fileRef = 269598F0201D4059006641EB /* GradesController.swift */; };
		269598F3201D406D006641EB /* Grades.swift in Sources */ = {isa = PBXBuildFile; fileRef = 269598F2201D406D006641EB /* Grades.swift */; };
		26D73F8D20211BA600C54F94 /* AverageGradesController.swift in Sources */ = {isa = PBXBuildFile; fileRef = 26D73F8C20211BA600C54F94 /* AverageGradesController.swift */; };
		26D73F8F20211EFF00C54F94 /* AverageGrade.swift in Sources */ = {isa = PBXBuildFile; fileRef = 26D73F8E20211EFF00C54F94 /* AverageGrade.swift */; };
		26E41DC31FE707DA00FD4A7C /* ChooseLanguageViewController.swift in Sources */ = {isa = PBXBuildFile; fileRef = 26E41DC21FE707DA00FD4A7C /* ChooseLanguageViewController.swift */; };
		26E41DC41FE8640C00FD4A7C /* Language.storyboard in Resources */ = {isa = PBXBuildFile; fileRef = 26E41DC61FE8640C00FD4A7C /* Language.storyboard */; };
		26E41DD01FE865E300FD4A7C /* Localizable.strings in Resources */ = {isa = PBXBuildFile; fileRef = 26E41DD21FE865E300FD4A7C /* Localizable.strings */; };
		26EA05AC202D01BF00CE1D24 /* SemesterViewController.swift in Sources */ = {isa = PBXBuildFile; fileRef = 26EA05AB202D01BF00CE1D24 /* SemesterViewController.swift */; };
		26EA05AE202D068400CE1D24 /* SemesterTableViewCell.swift in Sources */ = {isa = PBXBuildFile; fileRef = 26EA05AD202D068400CE1D24 /* SemesterTableViewCell.swift */; };
		26EA05B0202D09A300CE1D24 /* SemesterController.swift in Sources */ = {isa = PBXBuildFile; fileRef = 26EA05AF202D09A300CE1D24 /* SemesterController.swift */; };
		26EA05B2202D0A0D00CE1D24 /* Semestar.swift in Sources */ = {isa = PBXBuildFile; fileRef = 26EA05B1202D0A0D00CE1D24 /* Semestar.swift */; };
		26ED3A62201D2A8700836EEC /* Image.swift in Sources */ = {isa = PBXBuildFile; fileRef = 26ED3A61201D2A8700836EEC /* Image.swift */; };
		26ED3A64201D2AA600836EEC /* ImagesController.swift in Sources */ = {isa = PBXBuildFile; fileRef = 26ED3A63201D2AA600836EEC /* ImagesController.swift */; };
		A6AB4F1CAA7E86277184ED31 /* Pods_eUniversity.framework in Frameworks */ = {isa = PBXBuildFile; fileRef = 10893E723E906EA3C4C344F5 /* Pods_eUniversity.framework */; };
		D69B0084504D16B3B975D80D /* Pods_eUniversityUITests.framework in Frameworks */ = {isa = PBXBuildFile; fileRef = AD213BD40C9246C975F34F8A /* Pods_eUniversityUITests.framework */; };
		EED5693B86E63C48527E274B /* Pods_eUniversityTests.framework in Frameworks */ = {isa = PBXBuildFile; fileRef = 2970C9178D25CB58C3B8441D /* Pods_eUniversityTests.framework */; };
/* End PBXBuildFile section */

/* Begin PBXContainerItemProxy section */
		26689EB91FD88D750081FA12 /* PBXContainerItemProxy */ = {
			isa = PBXContainerItemProxy;
			containerPortal = 26689E9A1FD88D750081FA12 /* Project object */;
			proxyType = 1;
			remoteGlobalIDString = 26689EA11FD88D750081FA12;
			remoteInfo = eUniversity;
		};
		26689EC41FD88D750081FA12 /* PBXContainerItemProxy */ = {
			isa = PBXContainerItemProxy;
			containerPortal = 26689E9A1FD88D750081FA12 /* Project object */;
			proxyType = 1;
			remoteGlobalIDString = 26689EA11FD88D750081FA12;
			remoteInfo = eUniversity;
		};
/* End PBXContainerItemProxy section */

/* Begin PBXFileReference section */
		10893E723E906EA3C4C344F5 /* Pods_eUniversity.framework */ = {isa = PBXFileReference; explicitFileType = wrapper.framework; includeInIndex = 0; path = Pods_eUniversity.framework; sourceTree = BUILT_PRODUCTS_DIR; };
		2624F4A6200D40F300CE1DCF /* User.swift */ = {isa = PBXFileReference; lastKnownFileType = sourcecode.swift; path = User.swift; sourceTree = "<group>"; };
		2624F4A9200E797100CE1DCF /* UserController.swift */ = {isa = PBXFileReference; lastKnownFileType = sourcecode.swift; path = UserController.swift; sourceTree = "<group>"; };
		2624F4AE200FEA5700CE1DCF /* NewsViewController.swift */ = {isa = PBXFileReference; lastKnownFileType = sourcecode.swift; path = NewsViewController.swift; sourceTree = "<group>"; };
		2624F4B0200FEB9800CE1DCF /* NewsTableViewCell.swift */ = {isa = PBXFileReference; lastKnownFileType = sourcecode.swift; path = NewsTableViewCell.swift; sourceTree = "<group>"; };
		2624F4B2200FEF4A00CE1DCF /* NewsController.swift */ = {isa = PBXFileReference; lastKnownFileType = sourcecode.swift; path = NewsController.swift; sourceTree = "<group>"; };
		2628AE661FE9AE5200A6C37A /* StringExtension.swift */ = {isa = PBXFileReference; lastKnownFileType = sourcecode.swift; path = StringExtension.swift; sourceTree = "<group>"; };
		2628AE691FEEA58000A6C37A /* Language.swift */ = {isa = PBXFileReference; lastKnownFileType = sourcecode.swift; path = Language.swift; sourceTree = "<group>"; };
		2628AE7F1FEEDFA700A6C37A /* Base */ = {isa = PBXFileReference; lastKnownFileType = file.storyboard; name = Base; path = Base.lproj/Language.storyboard; sourceTree = "<group>"; };
		2628AE831FEEE0E200A6C37A /* Base */ = {isa = PBXFileReference; lastKnownFileType = file.storyboard; name = Base; path = Base.lproj/Main.storyboard; sourceTree = "<group>"; };
		2628BB02203B6DE500B2106E /* Attendance.swift */ = {isa = PBXFileReference; lastKnownFileType = sourcecode.swift; path = Attendance.swift; sourceTree = "<group>"; };
		2628BB06203B6E3E00B2106E /* AttendancesController.swift */ = {isa = PBXFileReference; lastKnownFileType = sourcecode.swift; path = AttendancesController.swift; sourceTree = "<group>"; };
		2628BB0A203B72FC00B2106E /* AttendanceViewController.swift */ = {isa = PBXFileReference; lastKnownFileType = sourcecode.swift; path = AttendanceViewController.swift; sourceTree = "<group>"; };
		2628BB0C203B731300B2106E /* AttendanceTableViewCell.swift */ = {isa = PBXFileReference; lastKnownFileType = sourcecode.swift; path = AttendanceTableViewCell.swift; sourceTree = "<group>"; };
		262A29BF2013E8B8004C0F7F /* StatusDataViewController.swift */ = {isa = PBXFileReference; lastKnownFileType = sourcecode.swift; path = StatusDataViewController.swift; sourceTree = "<group>"; };
		262A29C32014BF78004C0F7F /* StudentDataController.swift */ = {isa = PBXFileReference; lastKnownFileType = sourcecode.swift; path = StudentDataController.swift; sourceTree = "<group>"; };
		262A29C62014C63F004C0F7F /* StatusDataTableViewCell.swift */ = {isa = PBXFileReference; lastKnownFileType = sourcecode.swift; path = StatusDataTableViewCell.swift; sourceTree = "<group>"; };
		262A29C82014C921004C0F7F /* StudentData.swift */ = {isa = PBXFileReference; lastKnownFileType = sourcecode.swift; path = StudentData.swift; sourceTree = "<group>"; };
		2632B1A8202A637800AC7148 /* DoubleExtension.swift */ = {isa = PBXFileReference; lastKnownFileType = sourcecode.swift; path = DoubleExtension.swift; sourceTree = "<group>"; };
		2632B1AB202BA4F400AC7148 /* eUniversityError.swift */ = {isa = PBXFileReference; lastKnownFileType = sourcecode.swift; path = eUniversityError.swift; sourceTree = "<group>"; };
		2640776E2012363A000D6073 /* News.swift */ = {isa = PBXFileReference; lastKnownFileType = sourcecode.swift; path = News.swift; sourceTree = "<group>"; };
		265E33C92006835E0033B393 /* eUniversity.entitlements */ = {isa = PBXFileReference; lastKnownFileType = text.plist.entitlements; path = eUniversity.entitlements; sourceTree = "<group>"; };
		265E33CA20068A890033B393 /* GoogleService-Info.plist */ = {isa = PBXFileReference; fileEncoding = 4; lastKnownFileType = text.plist.xml; path = "GoogleService-Info.plist"; sourceTree = "<group>"; };
		265E33CD2007C6B70033B393 /* Login.storyboard */ = {isa = PBXFileReference; lastKnownFileType = file.storyboard; path = Login.storyboard; sourceTree = "<group>"; };
		265E33D02007C7740033B393 /* LoginViewController.swift */ = {isa = PBXFileReference; lastKnownFileType = sourcecode.swift; path = LoginViewController.swift; sourceTree = "<group>"; };
		265E33D32007D5720033B393 /* ApiClient.swift */ = {isa = PBXFileReference; lastKnownFileType = sourcecode.swift; path = ApiClient.swift; sourceTree = "<group>"; };
		2661F8911FF7CA390048321A /* en */ = {isa = PBXFileReference; lastKnownFileType = text.plist.strings; name = en; path = en.lproj/Localizable.strings; sourceTree = "<group>"; };
		2661F8921FF7CA930048321A /* bs-BA */ = {isa = PBXFileReference; lastKnownFileType = text.plist.strings; name = "bs-BA"; path = "bs-BA.lproj/Localizable.strings"; sourceTree = "<group>"; };
		2661F8931FF7CAAA0048321A /* hr-HR */ = {isa = PBXFileReference; lastKnownFileType = text.plist.strings; name = "hr-HR"; path = "hr-HR.lproj/Localizable.strings"; sourceTree = "<group>"; };
		2661F8941FF7CADF0048321A /* sr */ = {isa = PBXFileReference; lastKnownFileType = text.plist.strings; name = sr; path = sr.lproj/Localizable.strings; sourceTree = "<group>"; };
		26689EA21FD88D750081FA12 /* eUniversity.app */ = {isa = PBXFileReference; explicitFileType = wrapper.application; includeInIndex = 0; path = eUniversity.app; sourceTree = BUILT_PRODUCTS_DIR; };
		26689EA51FD88D750081FA12 /* AppDelegate.swift */ = {isa = PBXFileReference; lastKnownFileType = sourcecode.swift; path = AppDelegate.swift; sourceTree = "<group>"; };
		26689EA71FD88D750081FA12 /* FirstViewController.swift */ = {isa = PBXFileReference; lastKnownFileType = sourcecode.swift; path = FirstViewController.swift; sourceTree = "<group>"; };
		26689EA91FD88D750081FA12 /* SecondViewController.swift */ = {isa = PBXFileReference; lastKnownFileType = sourcecode.swift; path = SecondViewController.swift; sourceTree = "<group>"; };
		26689EAE1FD88D750081FA12 /* Assets.xcassets */ = {isa = PBXFileReference; lastKnownFileType = folder.assetcatalog; path = Assets.xcassets; sourceTree = "<group>"; };
		26689EB11FD88D750081FA12 /* Base */ = {isa = PBXFileReference; lastKnownFileType = file.storyboard; name = Base; path = Base.lproj/LaunchScreen.storyboard; sourceTree = "<group>"; };
		26689EB31FD88D750081FA12 /* Info.plist */ = {isa = PBXFileReference; lastKnownFileType = text.plist.xml; path = Info.plist; sourceTree = "<group>"; };
		26689EB81FD88D750081FA12 /* eUniversityTests.xctest */ = {isa = PBXFileReference; explicitFileType = wrapper.cfbundle; includeInIndex = 0; path = eUniversityTests.xctest; sourceTree = BUILT_PRODUCTS_DIR; };
		26689EBC1FD88D750081FA12 /* eUniversityTests.swift */ = {isa = PBXFileReference; lastKnownFileType = sourcecode.swift; path = eUniversityTests.swift; sourceTree = "<group>"; };
		26689EBE1FD88D750081FA12 /* Info.plist */ = {isa = PBXFileReference; lastKnownFileType = text.plist.xml; path = Info.plist; sourceTree = "<group>"; };
		26689EC31FD88D750081FA12 /* eUniversityUITests.xctest */ = {isa = PBXFileReference; explicitFileType = wrapper.cfbundle; includeInIndex = 0; path = eUniversityUITests.xctest; sourceTree = BUILT_PRODUCTS_DIR; };
		26689EC71FD88D750081FA12 /* eUniversityUITests.swift */ = {isa = PBXFileReference; lastKnownFileType = sourcecode.swift; path = eUniversityUITests.swift; sourceTree = "<group>"; };
		26689EC91FD88D750081FA12 /* Info.plist */ = {isa = PBXFileReference; lastKnownFileType = text.plist.xml; path = Info.plist; sourceTree = "<group>"; };
		26770274201A6DD6006D0590 /* StudentDataTableViewCell.swift */ = {isa = PBXFileReference; lastKnownFileType = sourcecode.swift; path = StudentDataTableViewCell.swift; sourceTree = "<group>"; };
		269598EC201D3DB6006641EB /* GradesViewController.swift */ = {isa = PBXFileReference; lastKnownFileType = sourcecode.swift; path = GradesViewController.swift; sourceTree = "<group>"; };
		269598EE201D3DD0006641EB /* GradesTableViewCell.swift */ = {isa = PBXFileReference; lastKnownFileType = sourcecode.swift; path = GradesTableViewCell.swift; sourceTree = "<group>"; };
		269598F0201D4059006641EB /* GradesController.swift */ = {isa = PBXFileReference; lastKnownFileType = sourcecode.swift; path = GradesController.swift; sourceTree = "<group>"; };
		269598F2201D406D006641EB /* Grades.swift */ = {isa = PBXFileReference; lastKnownFileType = sourcecode.swift; path = Grades.swift; sourceTree = "<group>"; };
		26D73F8C20211BA600C54F94 /* AverageGradesController.swift */ = {isa = PBXFileReference; lastKnownFileType = sourcecode.swift; path = AverageGradesController.swift; sourceTree = "<group>"; };
		26D73F8E20211EFF00C54F94 /* AverageGrade.swift */ = {isa = PBXFileReference; lastKnownFileType = sourcecode.swift; path = AverageGrade.swift; sourceTree = "<group>"; };
		26E41DC21FE707DA00FD4A7C /* ChooseLanguageViewController.swift */ = {isa = PBXFileReference; lastKnownFileType = sourcecode.swift; path = ChooseLanguageViewController.swift; sourceTree = "<group>"; };
		26E41DD31FE865F100FD4A7C /* Base */ = {isa = PBXFileReference; lastKnownFileType = text.plist.strings; name = Base; path = Base.lproj/Localizable.strings; sourceTree = "<group>"; };
		26EA05AB202D01BF00CE1D24 /* SemesterViewController.swift */ = {isa = PBXFileReference; lastKnownFileType = sourcecode.swift; path = SemesterViewController.swift; sourceTree = "<group>"; };
		26EA05AD202D068400CE1D24 /* SemesterTableViewCell.swift */ = {isa = PBXFileReference; lastKnownFileType = sourcecode.swift; path = SemesterTableViewCell.swift; sourceTree = "<group>"; };
		26EA05AF202D09A300CE1D24 /* SemesterController.swift */ = {isa = PBXFileReference; lastKnownFileType = sourcecode.swift; path = SemesterController.swift; sourceTree = "<group>"; };
		26EA05B1202D0A0D00CE1D24 /* Semestar.swift */ = {isa = PBXFileReference; lastKnownFileType = sourcecode.swift; path = Semestar.swift; sourceTree = "<group>"; };
		26ED3A61201D2A8700836EEC /* Image.swift */ = {isa = PBXFileReference; lastKnownFileType = sourcecode.swift; path = Image.swift; sourceTree = "<group>"; };
		26ED3A63201D2AA600836EEC /* ImagesController.swift */ = {isa = PBXFileReference; lastKnownFileType = sourcecode.swift; path = ImagesController.swift; sourceTree = "<group>"; };
		2970C9178D25CB58C3B8441D /* Pods_eUniversityTests.framework */ = {isa = PBXFileReference; explicitFileType = wrapper.framework; includeInIndex = 0; path = Pods_eUniversityTests.framework; sourceTree = BUILT_PRODUCTS_DIR; };
		2ADD89B371D009F6E83D9884 /* Pods-eUniversityUITests.debug.xcconfig */ = {isa = PBXFileReference; includeInIndex = 1; lastKnownFileType = text.xcconfig; name = "Pods-eUniversityUITests.debug.xcconfig"; path = "Pods/Target Support Files/Pods-eUniversityUITests/Pods-eUniversityUITests.debug.xcconfig"; sourceTree = "<group>"; };
		30246A090C2A79544AF43C6F /* Pods-eUniversityTests.release.xcconfig */ = {isa = PBXFileReference; includeInIndex = 1; lastKnownFileType = text.xcconfig; name = "Pods-eUniversityTests.release.xcconfig"; path = "Pods/Target Support Files/Pods-eUniversityTests/Pods-eUniversityTests.release.xcconfig"; sourceTree = "<group>"; };
		4BA83261C97491FB854026F2 /* Pods-eUniversityUITests.release.xcconfig */ = {isa = PBXFileReference; includeInIndex = 1; lastKnownFileType = text.xcconfig; name = "Pods-eUniversityUITests.release.xcconfig"; path = "Pods/Target Support Files/Pods-eUniversityUITests/Pods-eUniversityUITests.release.xcconfig"; sourceTree = "<group>"; };
		51A44620912D2CCE2A144659 /* Pods-eUniversity.release.xcconfig */ = {isa = PBXFileReference; includeInIndex = 1; lastKnownFileType = text.xcconfig; name = "Pods-eUniversity.release.xcconfig"; path = "Pods/Target Support Files/Pods-eUniversity/Pods-eUniversity.release.xcconfig"; sourceTree = "<group>"; };
		6E957F90A1FCD0E0AAE0CB89 /* Pods-eUniversityTests.debug.xcconfig */ = {isa = PBXFileReference; includeInIndex = 1; lastKnownFileType = text.xcconfig; name = "Pods-eUniversityTests.debug.xcconfig"; path = "Pods/Target Support Files/Pods-eUniversityTests/Pods-eUniversityTests.debug.xcconfig"; sourceTree = "<group>"; };
		84CE240C4990A8DFD5C6E58F /* Pods-eUniversity.debug.xcconfig */ = {isa = PBXFileReference; includeInIndex = 1; lastKnownFileType = text.xcconfig; name = "Pods-eUniversity.debug.xcconfig"; path = "Pods/Target Support Files/Pods-eUniversity/Pods-eUniversity.debug.xcconfig"; sourceTree = "<group>"; };
		AD213BD40C9246C975F34F8A /* Pods_eUniversityUITests.framework */ = {isa = PBXFileReference; explicitFileType = wrapper.framework; includeInIndex = 0; path = Pods_eUniversityUITests.framework; sourceTree = BUILT_PRODUCTS_DIR; };
/* End PBXFileReference section */

/* Begin PBXFrameworksBuildPhase section */
		26689E9F1FD88D750081FA12 /* Frameworks */ = {
			isa = PBXFrameworksBuildPhase;
			buildActionMask = 2147483647;
			files = (
				A6AB4F1CAA7E86277184ED31 /* Pods_eUniversity.framework in Frameworks */,
			);
			runOnlyForDeploymentPostprocessing = 0;
		};
		26689EB51FD88D750081FA12 /* Frameworks */ = {
			isa = PBXFrameworksBuildPhase;
			buildActionMask = 2147483647;
			files = (
				EED5693B86E63C48527E274B /* Pods_eUniversityTests.framework in Frameworks */,
			);
			runOnlyForDeploymentPostprocessing = 0;
		};
		26689EC01FD88D750081FA12 /* Frameworks */ = {
			isa = PBXFrameworksBuildPhase;
			buildActionMask = 2147483647;
			files = (
				D69B0084504D16B3B975D80D /* Pods_eUniversityUITests.framework in Frameworks */,
			);
			runOnlyForDeploymentPostprocessing = 0;
		};
/* End PBXFrameworksBuildPhase section */

/* Begin PBXGroup section */
		2624F4A8200E795500CE1DCF /* Controllers */ = {
			isa = PBXGroup;
			children = (
				2624F4A9200E797100CE1DCF /* UserController.swift */,
				2624F4B2200FEF4A00CE1DCF /* NewsController.swift */,
				262A29C32014BF78004C0F7F /* StudentDataController.swift */,
				269598F0201D4059006641EB /* GradesController.swift */,
				26ED3A63201D2AA600836EEC /* ImagesController.swift */,
				26D73F8C20211BA600C54F94 /* AverageGradesController.swift */,
				26EA05AF202D09A300CE1D24 /* SemesterController.swift */,
				2628BB06203B6E3E00B2106E /* AttendancesController.swift */,
			);
			path = Controllers;
			sourceTree = "<group>";
		};
		2624F4AC200FE8EC00CE1DCF /* News */ = {
			isa = PBXGroup;
			children = (
				2624F4AD200FE92900CE1DCF /* Views */,
			);
			path = News;
			sourceTree = "<group>";
		};
		2624F4AD200FE92900CE1DCF /* Views */ = {
			isa = PBXGroup;
			children = (
				2624F4AE200FEA5700CE1DCF /* NewsViewController.swift */,
				2624F4B0200FEB9800CE1DCF /* NewsTableViewCell.swift */,
			);
			path = Views;
			sourceTree = "<group>";
		};
		2628AE651FE9AE3400A6C37A /* Extensions */ = {
			isa = PBXGroup;
			children = (
				2628AE661FE9AE5200A6C37A /* StringExtension.swift */,
				2632B1A8202A637800AC7148 /* DoubleExtension.swift */,
			);
			path = Extensions;
			sourceTree = "<group>";
		};
		2628AE681FE9B04A00A6C37A /* Models */ = {
			isa = PBXGroup;
			children = (
				2628AE691FEEA58000A6C37A /* Language.swift */,
				2624F4A6200D40F300CE1DCF /* User.swift */,
				2640776E2012363A000D6073 /* News.swift */,
				262A29C82014C921004C0F7F /* StudentData.swift */,
				26ED3A61201D2A8700836EEC /* Image.swift */,
				269598F2201D406D006641EB /* Grades.swift */,
				26D73F8E20211EFF00C54F94 /* AverageGrade.swift */,
				26EA05B1202D0A0D00CE1D24 /* Semestar.swift */,
				2628BB02203B6DE500B2106E /* Attendance.swift */,
			);
			path = Models;
			sourceTree = "<group>";
		};
		2628BB04203B6E0800B2106E /* Attendances */ = {
			isa = PBXGroup;
			children = (
				2628BB05203B6E1700B2106E /* Views */,
			);
			path = Attendances;
			sourceTree = "<group>";
		};
		2628BB05203B6E1700B2106E /* Views */ = {
			isa = PBXGroup;
			children = (
				2628BB0A203B72FC00B2106E /* AttendanceViewController.swift */,
				2628BB0C203B731300B2106E /* AttendanceTableViewCell.swift */,
			);
			path = Views;
			sourceTree = "<group>";
		};
		262A29BE2013E886004C0F7F /* StatusData */ = {
			isa = PBXGroup;
			children = (
				262A29C52014C0EF004C0F7F /* Views */,
			);
			path = StatusData;
			sourceTree = "<group>";
		};
		262A29C52014C0EF004C0F7F /* Views */ = {
			isa = PBXGroup;
			children = (
				262A29BF2013E8B8004C0F7F /* StatusDataViewController.swift */,
				262A29C62014C63F004C0F7F /* StatusDataTableViewCell.swift */,
				26770274201A6DD6006D0590 /* StudentDataTableViewCell.swift */,
			);
			path = Views;
			sourceTree = "<group>";
		};
		2632B1AA202BA4CB00AC7148 /* ErrorHandler */ = {
			isa = PBXGroup;
			children = (
				2632B1AB202BA4F400AC7148 /* eUniversityError.swift */,
			);
			path = ErrorHandler;
			sourceTree = "<group>";
		};
		265E33CC2007C69C0033B393 /* Login */ = {
			isa = PBXGroup;
			children = (
				265E33CF2007C72D0033B393 /* Views */,
			);
			path = Login;
			sourceTree = "<group>";
		};
		265E33CF2007C72D0033B393 /* Views */ = {
			isa = PBXGroup;
			children = (
				265E33CD2007C6B70033B393 /* Login.storyboard */,
				265E33D02007C7740033B393 /* LoginViewController.swift */,
			);
			path = Views;
			sourceTree = "<group>";
		};
		265E33D22007D5540033B393 /* Services */ = {
			isa = PBXGroup;
			children = (
				265E33D32007D5720033B393 /* ApiClient.swift */,
			);
			path = Services;
			sourceTree = "<group>";
		};
		26689E991FD88D750081FA12 = {
			isa = PBXGroup;
			children = (
				26689EA41FD88D750081FA12 /* eUniversity */,
				26689EBB1FD88D750081FA12 /* eUniversityTests */,
				26689EC61FD88D750081FA12 /* eUniversityUITests */,
				26689EA31FD88D750081FA12 /* Products */,
				F4E0ADA07064AA63D9391801 /* Pods */,
				6BF9D9E7DBA9A3E796B56D70 /* Frameworks */,
			);
			sourceTree = "<group>";
		};
		26689EA31FD88D750081FA12 /* Products */ = {
			isa = PBXGroup;
			children = (
				26689EA21FD88D750081FA12 /* eUniversity.app */,
				26689EB81FD88D750081FA12 /* eUniversityTests.xctest */,
				26689EC31FD88D750081FA12 /* eUniversityUITests.xctest */,
			);
			name = Products;
			sourceTree = "<group>";
		};
		26689EA41FD88D750081FA12 /* eUniversity */ = {
			isa = PBXGroup;
			children = (
				2632B1AA202BA4CB00AC7148 /* ErrorHandler */,
				2624F4A8200E795500CE1DCF /* Controllers */,
				265E33D22007D5540033B393 /* Services */,
				265E33CA20068A890033B393 /* GoogleService-Info.plist */,
				265E33C92006835E0033B393 /* eUniversity.entitlements */,
				2628AE651FE9AE3400A6C37A /* Extensions */,
				26E41DC01FE707A000FD4A7C /* Feuaters */,
				26689EA51FD88D750081FA12 /* AppDelegate.swift */,
				26689EA71FD88D750081FA12 /* FirstViewController.swift */,
				26689EA91FD88D750081FA12 /* SecondViewController.swift */,
				2628AE801FEEE0D100A6C37A /* Main.storyboard */,
				26689EAE1FD88D750081FA12 /* Assets.xcassets */,
				26689EB01FD88D750081FA12 /* LaunchScreen.storyboard */,
				26689EB31FD88D750081FA12 /* Info.plist */,
				26E41DD21FE865E300FD4A7C /* Localizable.strings */,
			);
			path = eUniversity;
			sourceTree = "<group>";
		};
		26689EBB1FD88D750081FA12 /* eUniversityTests */ = {
			isa = PBXGroup;
			children = (
				26689EBC1FD88D750081FA12 /* eUniversityTests.swift */,
				26689EBE1FD88D750081FA12 /* Info.plist */,
			);
			path = eUniversityTests;
			sourceTree = "<group>";
		};
		26689EC61FD88D750081FA12 /* eUniversityUITests */ = {
			isa = PBXGroup;
			children = (
				26689EC71FD88D750081FA12 /* eUniversityUITests.swift */,
				26689EC91FD88D750081FA12 /* Info.plist */,
			);
			path = eUniversityUITests;
			sourceTree = "<group>";
		};
		269598EA201D3D98006641EB /* Grades */ = {
			isa = PBXGroup;
			children = (
				269598EB201D3DA0006641EB /* Views */,
			);
			path = Grades;
			sourceTree = "<group>";
		};
		269598EB201D3DA0006641EB /* Views */ = {
			isa = PBXGroup;
			children = (
				269598EC201D3DB6006641EB /* GradesViewController.swift */,
				269598EE201D3DD0006641EB /* GradesTableViewCell.swift */,
			);
			path = Views;
			sourceTree = "<group>";
		};
		26E41DC01FE707A000FD4A7C /* Feuaters */ = {
			isa = PBXGroup;
			children = (
				2628BB04203B6E0800B2106E /* Attendances */,
				26EA05AA202D019C00CE1D24 /* Smester */,
				269598EA201D3D98006641EB /* Grades */,
				262A29BE2013E886004C0F7F /* StatusData */,
				2624F4AC200FE8EC00CE1DCF /* News */,
				265E33CC2007C69C0033B393 /* Login */,
				2628AE681FE9B04A00A6C37A /* Models */,
				26E41DC11FE707AD00FD4A7C /* Choose Language */,
			);
			path = Feuaters;
			sourceTree = "<group>";
		};
		26E41DC11FE707AD00FD4A7C /* Choose Language */ = {
			isa = PBXGroup;
			children = (
				26E41DC21FE707DA00FD4A7C /* ChooseLanguageViewController.swift */,
				26E41DC61FE8640C00FD4A7C /* Language.storyboard */,
			);
			path = "Choose Language";
			sourceTree = "<group>";
		};
		26EA05AA202D019C00CE1D24 /* Smester */ = {
			isa = PBXGroup;
			children = (
				26EA05AB202D01BF00CE1D24 /* SemesterViewController.swift */,
				26EA05AD202D068400CE1D24 /* SemesterTableViewCell.swift */,
			);
			path = Smester;
			sourceTree = "<group>";
		};
		6BF9D9E7DBA9A3E796B56D70 /* Frameworks */ = {
			isa = PBXGroup;
			children = (
				10893E723E906EA3C4C344F5 /* Pods_eUniversity.framework */,
				2970C9178D25CB58C3B8441D /* Pods_eUniversityTests.framework */,
				AD213BD40C9246C975F34F8A /* Pods_eUniversityUITests.framework */,
			);
			name = Frameworks;
			sourceTree = "<group>";
		};
		F4E0ADA07064AA63D9391801 /* Pods */ = {
			isa = PBXGroup;
			children = (
				84CE240C4990A8DFD5C6E58F /* Pods-eUniversity.debug.xcconfig */,
				51A44620912D2CCE2A144659 /* Pods-eUniversity.release.xcconfig */,
				6E957F90A1FCD0E0AAE0CB89 /* Pods-eUniversityTests.debug.xcconfig */,
				30246A090C2A79544AF43C6F /* Pods-eUniversityTests.release.xcconfig */,
				2ADD89B371D009F6E83D9884 /* Pods-eUniversityUITests.debug.xcconfig */,
				4BA83261C97491FB854026F2 /* Pods-eUniversityUITests.release.xcconfig */,
			);
			name = Pods;
			sourceTree = "<group>";
		};
/* End PBXGroup section */

/* Begin PBXNativeTarget section */
		26689EA11FD88D750081FA12 /* eUniversity */ = {
			isa = PBXNativeTarget;
			buildConfigurationList = 26689ECC1FD88D750081FA12 /* Build configuration list for PBXNativeTarget "eUniversity" */;
			buildPhases = (
				3F574755788CE3F66E371167 /* [CP] Check Pods Manifest.lock */,
				26689E9E1FD88D750081FA12 /* Sources */,
				26689E9F1FD88D750081FA12 /* Frameworks */,
				26689EA01FD88D750081FA12 /* Resources */,
				3189138E1A0DCA91DC496740 /* [CP] Embed Pods Frameworks */,
				B1A2CD8558C4A4D657649DE9 /* [CP] Copy Pods Resources */,
			);
			buildRules = (
			);
			dependencies = (
			);
			name = eUniversity;
			productName = eUniversity;
			productReference = 26689EA21FD88D750081FA12 /* eUniversity.app */;
			productType = "com.apple.product-type.application";
		};
		26689EB71FD88D750081FA12 /* eUniversityTests */ = {
			isa = PBXNativeTarget;
			buildConfigurationList = 26689ECF1FD88D750081FA12 /* Build configuration list for PBXNativeTarget "eUniversityTests" */;
			buildPhases = (
				297539EE69AC9223B35402A9 /* [CP] Check Pods Manifest.lock */,
				26689EB41FD88D750081FA12 /* Sources */,
				26689EB51FD88D750081FA12 /* Frameworks */,
				26689EB61FD88D750081FA12 /* Resources */,
				56110F478F3C7F5E8E39B741 /* [CP] Embed Pods Frameworks */,
				F2BD9BF5BF42132E5A92BEFA /* [CP] Copy Pods Resources */,
			);
			buildRules = (
			);
			dependencies = (
				26689EBA1FD88D750081FA12 /* PBXTargetDependency */,
			);
			name = eUniversityTests;
			productName = eUniversityTests;
			productReference = 26689EB81FD88D750081FA12 /* eUniversityTests.xctest */;
			productType = "com.apple.product-type.bundle.unit-test";
		};
		26689EC21FD88D750081FA12 /* eUniversityUITests */ = {
			isa = PBXNativeTarget;
			buildConfigurationList = 26689ED21FD88D750081FA12 /* Build configuration list for PBXNativeTarget "eUniversityUITests" */;
			buildPhases = (
				F3013C9A9C19F83E03344A8B /* [CP] Check Pods Manifest.lock */,
				26689EBF1FD88D750081FA12 /* Sources */,
				26689EC01FD88D750081FA12 /* Frameworks */,
				26689EC11FD88D750081FA12 /* Resources */,
				14824F257680722509C2A959 /* [CP] Embed Pods Frameworks */,
				02C56D5EFE8F9CD6EF2E8572 /* [CP] Copy Pods Resources */,
			);
			buildRules = (
			);
			dependencies = (
				26689EC51FD88D750081FA12 /* PBXTargetDependency */,
			);
			name = eUniversityUITests;
			productName = eUniversityUITests;
			productReference = 26689EC31FD88D750081FA12 /* eUniversityUITests.xctest */;
			productType = "com.apple.product-type.bundle.ui-testing";
		};
/* End PBXNativeTarget section */

/* Begin PBXProject section */
		26689E9A1FD88D750081FA12 /* Project object */ = {
			isa = PBXProject;
			attributes = {
				LastSwiftUpdateCheck = 0910;
				LastUpgradeCheck = 0910;
				ORGANIZATIONNAME = "Damir Ramich";
				TargetAttributes = {
					26689EA11FD88D750081FA12 = {
						CreatedOnToolsVersion = 9.1;
						ProvisioningStyle = Automatic;
						SystemCapabilities = {
							com.apple.Push = {
								enabled = 1;
							};
						};
					};
					26689EB71FD88D750081FA12 = {
						CreatedOnToolsVersion = 9.1;
						ProvisioningStyle = Automatic;
						TestTargetID = 26689EA11FD88D750081FA12;
					};
					26689EC21FD88D750081FA12 = {
						CreatedOnToolsVersion = 9.1;
						ProvisioningStyle = Automatic;
						TestTargetID = 26689EA11FD88D750081FA12;
					};
				};
			};
			buildConfigurationList = 26689E9D1FD88D750081FA12 /* Build configuration list for PBXProject "eUniversity" */;
			compatibilityVersion = "Xcode 8.0";
			developmentRegion = en;
			hasScannedForEncodings = 0;
			knownRegions = (
				Base,
				en,
				"bs-BA",
				"hr-HR",
				sr,
			);
			mainGroup = 26689E991FD88D750081FA12;
			productRefGroup = 26689EA31FD88D750081FA12 /* Products */;
			projectDirPath = "";
			projectRoot = "";
			targets = (
				26689EA11FD88D750081FA12 /* eUniversity */,
				26689EB71FD88D750081FA12 /* eUniversityTests */,
				26689EC21FD88D750081FA12 /* eUniversityUITests */,
			);
		};
/* End PBXProject section */

/* Begin PBXResourcesBuildPhase section */
		26689EA01FD88D750081FA12 /* Resources */ = {
			isa = PBXResourcesBuildPhase;
			buildActionMask = 2147483647;
			files = (
				26689EB21FD88D750081FA12 /* LaunchScreen.storyboard in Resources */,
				2628AE821FEEE0D200A6C37A /* Main.storyboard in Resources */,
				265E33CE2007C6B70033B393 /* Login.storyboard in Resources */,
				26689EAF1FD88D750081FA12 /* Assets.xcassets in Resources */,
				26E41DD01FE865E300FD4A7C /* Localizable.strings in Resources */,
				26E41DC41FE8640C00FD4A7C /* Language.storyboard in Resources */,
				265E33CB20068A890033B393 /* GoogleService-Info.plist in Resources */,
			);
			runOnlyForDeploymentPostprocessing = 0;
		};
		26689EB61FD88D750081FA12 /* Resources */ = {
			isa = PBXResourcesBuildPhase;
			buildActionMask = 2147483647;
			files = (
			);
			runOnlyForDeploymentPostprocessing = 0;
		};
		26689EC11FD88D750081FA12 /* Resources */ = {
			isa = PBXResourcesBuildPhase;
			buildActionMask = 2147483647;
			files = (
			);
			runOnlyForDeploymentPostprocessing = 0;
		};
/* End PBXResourcesBuildPhase section */

/* Begin PBXShellScriptBuildPhase section */
		02C56D5EFE8F9CD6EF2E8572 /* [CP] Copy Pods Resources */ = {
			isa = PBXShellScriptBuildPhase;
			buildActionMask = 2147483647;
			files = (
			);
			inputPaths = (
			);
			name = "[CP] Copy Pods Resources";
			outputPaths = (
			);
			runOnlyForDeploymentPostprocessing = 0;
			shellPath = /bin/sh;
			shellScript = "\"${SRCROOT}/Pods/Target Support Files/Pods-eUniversityUITests/Pods-eUniversityUITests-resources.sh\"\n";
			showEnvVarsInLog = 0;
		};
		14824F257680722509C2A959 /* [CP] Embed Pods Frameworks */ = {
			isa = PBXShellScriptBuildPhase;
			buildActionMask = 2147483647;
			files = (
			);
			inputPaths = (
			);
			name = "[CP] Embed Pods Frameworks";
			outputPaths = (
			);
			runOnlyForDeploymentPostprocessing = 0;
			shellPath = /bin/sh;
			shellScript = "\"${SRCROOT}/Pods/Target Support Files/Pods-eUniversityUITests/Pods-eUniversityUITests-frameworks.sh\"\n";
			showEnvVarsInLog = 0;
		};
		297539EE69AC9223B35402A9 /* [CP] Check Pods Manifest.lock */ = {
			isa = PBXShellScriptBuildPhase;
			buildActionMask = 2147483647;
			files = (
			);
			inputPaths = (
				"${PODS_PODFILE_DIR_PATH}/Podfile.lock",
				"${PODS_ROOT}/Manifest.lock",
			);
			name = "[CP] Check Pods Manifest.lock";
			outputPaths = (
				"$(DERIVED_FILE_DIR)/Pods-eUniversityTests-checkManifestLockResult.txt",
			);
			runOnlyForDeploymentPostprocessing = 0;
			shellPath = /bin/sh;
			shellScript = "diff \"${PODS_PODFILE_DIR_PATH}/Podfile.lock\" \"${PODS_ROOT}/Manifest.lock\" > /dev/null\nif [ $? != 0 ] ; then\n    # print error to STDERR\n    echo \"error: The sandbox is not in sync with the Podfile.lock. Run 'pod install' or update your CocoaPods installation.\" >&2\n    exit 1\nfi\n# This output is used by Xcode 'outputs' to avoid re-running this script phase.\necho \"SUCCESS\" > \"${SCRIPT_OUTPUT_FILE_0}\"\n";
			showEnvVarsInLog = 0;
		};
		3189138E1A0DCA91DC496740 /* [CP] Embed Pods Frameworks */ = {
			isa = PBXShellScriptBuildPhase;
			buildActionMask = 2147483647;
			files = (
			);
			inputPaths = (
				"${SRCROOT}/Pods/Target Support Files/Pods-eUniversity/Pods-eUniversity-frameworks.sh",
				"${BUILT_PRODUCTS_DIR}/Alamofire/Alamofire.framework",
				"${BUILT_PRODUCTS_DIR}/GoogleToolboxForMac/GoogleToolboxForMac.framework",
				"${BUILT_PRODUCTS_DIR}/Localize-Swift/Localize_Swift.framework",
				"${BUILT_PRODUCTS_DIR}/Protobuf/Protobuf.framework",
				"${BUILT_PRODUCTS_DIR}/SVProgressHUD/SVProgressHUD.framework",
				"${BUILT_PRODUCTS_DIR}/nanopb/nanopb.framework",
			);
			name = "[CP] Embed Pods Frameworks";
			outputPaths = (
				"${TARGET_BUILD_DIR}/${FRAMEWORKS_FOLDER_PATH}/Alamofire.framework",
				"${TARGET_BUILD_DIR}/${FRAMEWORKS_FOLDER_PATH}/GoogleToolboxForMac.framework",
				"${TARGET_BUILD_DIR}/${FRAMEWORKS_FOLDER_PATH}/Localize_Swift.framework",
				"${TARGET_BUILD_DIR}/${FRAMEWORKS_FOLDER_PATH}/Protobuf.framework",
				"${TARGET_BUILD_DIR}/${FRAMEWORKS_FOLDER_PATH}/SVProgressHUD.framework",
				"${TARGET_BUILD_DIR}/${FRAMEWORKS_FOLDER_PATH}/nanopb.framework",
			);
			runOnlyForDeploymentPostprocessing = 0;
			shellPath = /bin/sh;
			shellScript = "\"${SRCROOT}/Pods/Target Support Files/Pods-eUniversity/Pods-eUniversity-frameworks.sh\"\n";
			showEnvVarsInLog = 0;
		};
		3F574755788CE3F66E371167 /* [CP] Check Pods Manifest.lock */ = {
			isa = PBXShellScriptBuildPhase;
			buildActionMask = 2147483647;
			files = (
			);
			inputPaths = (
				"${PODS_PODFILE_DIR_PATH}/Podfile.lock",
				"${PODS_ROOT}/Manifest.lock",
			);
			name = "[CP] Check Pods Manifest.lock";
			outputPaths = (
				"$(DERIVED_FILE_DIR)/Pods-eUniversity-checkManifestLockResult.txt",
			);
			runOnlyForDeploymentPostprocessing = 0;
			shellPath = /bin/sh;
			shellScript = "diff \"${PODS_PODFILE_DIR_PATH}/Podfile.lock\" \"${PODS_ROOT}/Manifest.lock\" > /dev/null\nif [ $? != 0 ] ; then\n    # print error to STDERR\n    echo \"error: The sandbox is not in sync with the Podfile.lock. Run 'pod install' or update your CocoaPods installation.\" >&2\n    exit 1\nfi\n# This output is used by Xcode 'outputs' to avoid re-running this script phase.\necho \"SUCCESS\" > \"${SCRIPT_OUTPUT_FILE_0}\"\n";
			showEnvVarsInLog = 0;
		};
		56110F478F3C7F5E8E39B741 /* [CP] Embed Pods Frameworks */ = {
			isa = PBXShellScriptBuildPhase;
			buildActionMask = 2147483647;
			files = (
			);
			inputPaths = (
			);
			name = "[CP] Embed Pods Frameworks";
			outputPaths = (
			);
			runOnlyForDeploymentPostprocessing = 0;
			shellPath = /bin/sh;
			shellScript = "\"${SRCROOT}/Pods/Target Support Files/Pods-eUniversityTests/Pods-eUniversityTests-frameworks.sh\"\n";
			showEnvVarsInLog = 0;
		};
		B1A2CD8558C4A4D657649DE9 /* [CP] Copy Pods Resources */ = {
			isa = PBXShellScriptBuildPhase;
			buildActionMask = 2147483647;
			files = (
			);
			inputPaths = (
			);
			name = "[CP] Copy Pods Resources";
			outputPaths = (
			);
			runOnlyForDeploymentPostprocessing = 0;
			shellPath = /bin/sh;
			shellScript = "\"${SRCROOT}/Pods/Target Support Files/Pods-eUniversity/Pods-eUniversity-resources.sh\"\n";
			showEnvVarsInLog = 0;
		};
		F2BD9BF5BF42132E5A92BEFA /* [CP] Copy Pods Resources */ = {
			isa = PBXShellScriptBuildPhase;
			buildActionMask = 2147483647;
			files = (
			);
			inputPaths = (
			);
			name = "[CP] Copy Pods Resources";
			outputPaths = (
			);
			runOnlyForDeploymentPostprocessing = 0;
			shellPath = /bin/sh;
			shellScript = "\"${SRCROOT}/Pods/Target Support Files/Pods-eUniversityTests/Pods-eUniversityTests-resources.sh\"\n";
			showEnvVarsInLog = 0;
		};
		F3013C9A9C19F83E03344A8B /* [CP] Check Pods Manifest.lock */ = {
			isa = PBXShellScriptBuildPhase;
			buildActionMask = 2147483647;
			files = (
			);
			inputPaths = (
				"${PODS_PODFILE_DIR_PATH}/Podfile.lock",
				"${PODS_ROOT}/Manifest.lock",
			);
			name = "[CP] Check Pods Manifest.lock";
			outputPaths = (
				"$(DERIVED_FILE_DIR)/Pods-eUniversityUITests-checkManifestLockResult.txt",
			);
			runOnlyForDeploymentPostprocessing = 0;
			shellPath = /bin/sh;
			shellScript = "diff \"${PODS_PODFILE_DIR_PATH}/Podfile.lock\" \"${PODS_ROOT}/Manifest.lock\" > /dev/null\nif [ $? != 0 ] ; then\n    # print error to STDERR\n    echo \"error: The sandbox is not in sync with the Podfile.lock. Run 'pod install' or update your CocoaPods installation.\" >&2\n    exit 1\nfi\n# This output is used by Xcode 'outputs' to avoid re-running this script phase.\necho \"SUCCESS\" > \"${SCRIPT_OUTPUT_FILE_0}\"\n";
			showEnvVarsInLog = 0;
		};
/* End PBXShellScriptBuildPhase section */

/* Begin PBXSourcesBuildPhase section */
		26689E9E1FD88D750081FA12 /* Sources */ = {
			isa = PBXSourcesBuildPhase;
			buildActionMask = 2147483647;
			files = (
				2628BB03203B6DE500B2106E /* Attendance.swift in Sources */,
				269598F3201D406D006641EB /* Grades.swift in Sources */,
				2624F4B3200FEF4A00CE1DCF /* NewsController.swift in Sources */,
				265E33D12007C7740033B393 /* LoginViewController.swift in Sources */,
				269598EF201D3DD0006641EB /* GradesTableViewCell.swift in Sources */,
				262A29C42014BF78004C0F7F /* StudentDataController.swift in Sources */,
				2628BB07203B6E3E00B2106E /* AttendancesController.swift in Sources */,
				26D73F8D20211BA600C54F94 /* AverageGradesController.swift in Sources */,
				262A29C72014C63F004C0F7F /* StatusDataTableViewCell.swift in Sources */,
				26689EAA1FD88D750081FA12 /* SecondViewController.swift in Sources */,
				2624F4B1200FEB9800CE1DCF /* NewsTableViewCell.swift in Sources */,
				26ED3A64201D2AA600836EEC /* ImagesController.swift in Sources */,
				2640776F2012363A000D6073 /* News.swift in Sources */,
				26EA05AE202D068400CE1D24 /* SemesterTableViewCell.swift in Sources */,
				262A29C02013E8B8004C0F7F /* StatusDataViewController.swift in Sources */,
				2628BB0D203B731300B2106E /* AttendanceTableViewCell.swift in Sources */,
				2632B1A9202A637800AC7148 /* DoubleExtension.swift in Sources */,
				2624F4AA200E797100CE1DCF /* UserController.swift in Sources */,
				26EA05AC202D01BF00CE1D24 /* SemesterViewController.swift in Sources */,
				269598F1201D4059006641EB /* GradesController.swift in Sources */,
				26EA05B2202D0A0D00CE1D24 /* Semestar.swift in Sources */,
				269598ED201D3DB6006641EB /* GradesViewController.swift in Sources */,
				2632B1AC202BA4F400AC7148 /* eUniversityError.swift in Sources */,
				26ED3A62201D2A8700836EEC /* Image.swift in Sources */,
				2628BB0B203B72FC00B2106E /* AttendanceViewController.swift in Sources */,
				26E41DC31FE707DA00FD4A7C /* ChooseLanguageViewController.swift in Sources */,
				2624F4AF200FEA5700CE1DCF /* NewsViewController.swift in Sources */,
				265E33D42007D5720033B393 /* ApiClient.swift in Sources */,
				2628AE671FE9AE5200A6C37A /* StringExtension.swift in Sources */,
				2624F4A7200D40F300CE1DCF /* User.swift in Sources */,
				2628AE6A1FEEA58000A6C37A /* Language.swift in Sources */,
				26689EA61FD88D750081FA12 /* AppDelegate.swift in Sources */,
				26689EA81FD88D750081FA12 /* FirstViewController.swift in Sources */,
				26770275201A6DD6006D0590 /* StudentDataTableViewCell.swift in Sources */,
				262A29C92014C921004C0F7F /* StudentData.swift in Sources */,
				26D73F8F20211EFF00C54F94 /* AverageGrade.swift in Sources */,
				26EA05B0202D09A300CE1D24 /* SemesterController.swift in Sources */,
			);
			runOnlyForDeploymentPostprocessing = 0;
		};
		26689EB41FD88D750081FA12 /* Sources */ = {
			isa = PBXSourcesBuildPhase;
			buildActionMask = 2147483647;
			files = (
				26689EBD1FD88D750081FA12 /* eUniversityTests.swift in Sources */,
			);
			runOnlyForDeploymentPostprocessing = 0;
		};
		26689EBF1FD88D750081FA12 /* Sources */ = {
			isa = PBXSourcesBuildPhase;
			buildActionMask = 2147483647;
			files = (
				26689EC81FD88D750081FA12 /* eUniversityUITests.swift in Sources */,
			);
			runOnlyForDeploymentPostprocessing = 0;
		};
/* End PBXSourcesBuildPhase section */

/* Begin PBXTargetDependency section */
		26689EBA1FD88D750081FA12 /* PBXTargetDependency */ = {
			isa = PBXTargetDependency;
			target = 26689EA11FD88D750081FA12 /* eUniversity */;
			targetProxy = 26689EB91FD88D750081FA12 /* PBXContainerItemProxy */;
		};
		26689EC51FD88D750081FA12 /* PBXTargetDependency */ = {
			isa = PBXTargetDependency;
			target = 26689EA11FD88D750081FA12 /* eUniversity */;
			targetProxy = 26689EC41FD88D750081FA12 /* PBXContainerItemProxy */;
		};
/* End PBXTargetDependency section */

/* Begin PBXVariantGroup section */
		2628AE801FEEE0D100A6C37A /* Main.storyboard */ = {
			isa = PBXVariantGroup;
			children = (
				2628AE831FEEE0E200A6C37A /* Base */,
			);
			name = Main.storyboard;
			sourceTree = "<group>";
		};
		26689EB01FD88D750081FA12 /* LaunchScreen.storyboard */ = {
			isa = PBXVariantGroup;
			children = (
				26689EB11FD88D750081FA12 /* Base */,
			);
			name = LaunchScreen.storyboard;
			sourceTree = "<group>";
		};
		26E41DC61FE8640C00FD4A7C /* Language.storyboard */ = {
			isa = PBXVariantGroup;
			children = (
				2628AE7F1FEEDFA700A6C37A /* Base */,
			);
			name = Language.storyboard;
			sourceTree = "<group>";
		};
		26E41DD21FE865E300FD4A7C /* Localizable.strings */ = {
			isa = PBXVariantGroup;
			children = (
				26E41DD31FE865F100FD4A7C /* Base */,
				2661F8911FF7CA390048321A /* en */,
				2661F8921FF7CA930048321A /* bs-BA */,
				2661F8931FF7CAAA0048321A /* hr-HR */,
				2661F8941FF7CADF0048321A /* sr */,
			);
			name = Localizable.strings;
			sourceTree = "<group>";
		};
/* End PBXVariantGroup section */

/* Begin XCBuildConfiguration section */
		26689ECA1FD88D750081FA12 /* Debug */ = {
			isa = XCBuildConfiguration;
			buildSettings = {
				ALWAYS_SEARCH_USER_PATHS = NO;
				CLANG_ANALYZER_LOCALIZABILITY_NONLOCALIZED = YES;
				CLANG_ANALYZER_NONNULL = YES;
				CLANG_ANALYZER_NUMBER_OBJECT_CONVERSION = YES_AGGRESSIVE;
				CLANG_CXX_LANGUAGE_STANDARD = "gnu++14";
				CLANG_CXX_LIBRARY = "libc++";
				CLANG_ENABLE_MODULES = YES;
				CLANG_ENABLE_OBJC_ARC = YES;
				CLANG_WARN_BLOCK_CAPTURE_AUTORELEASING = YES;
				CLANG_WARN_BOOL_CONVERSION = YES;
				CLANG_WARN_COMMA = YES;
				CLANG_WARN_CONSTANT_CONVERSION = YES;
				CLANG_WARN_DIRECT_OBJC_ISA_USAGE = YES_ERROR;
				CLANG_WARN_DOCUMENTATION_COMMENTS = YES;
				CLANG_WARN_EMPTY_BODY = YES;
				CLANG_WARN_ENUM_CONVERSION = YES;
				CLANG_WARN_INFINITE_RECURSION = YES;
				CLANG_WARN_INT_CONVERSION = YES;
				CLANG_WARN_NON_LITERAL_NULL_CONVERSION = YES;
				CLANG_WARN_OBJC_LITERAL_CONVERSION = YES;
				CLANG_WARN_OBJC_ROOT_CLASS = YES_ERROR;
				CLANG_WARN_RANGE_LOOP_ANALYSIS = YES;
				CLANG_WARN_STRICT_PROTOTYPES = YES;
				CLANG_WARN_SUSPICIOUS_MOVE = YES;
				CLANG_WARN_UNGUARDED_AVAILABILITY = YES_AGGRESSIVE;
				CLANG_WARN_UNREACHABLE_CODE = YES;
				CLANG_WARN__DUPLICATE_METHOD_MATCH = YES;
				CODE_SIGN_IDENTITY = "iPhone Developer";
				COPY_PHASE_STRIP = NO;
				DEBUG_INFORMATION_FORMAT = dwarf;
				ENABLE_STRICT_OBJC_MSGSEND = YES;
				ENABLE_TESTABILITY = YES;
				GCC_C_LANGUAGE_STANDARD = gnu11;
				GCC_DYNAMIC_NO_PIC = NO;
				GCC_NO_COMMON_BLOCKS = YES;
				GCC_OPTIMIZATION_LEVEL = 0;
				GCC_PREPROCESSOR_DEFINITIONS = (
					"DEBUG=1",
					"$(inherited)",
				);
				GCC_WARN_64_TO_32_BIT_CONVERSION = YES;
				GCC_WARN_ABOUT_RETURN_TYPE = YES_ERROR;
				GCC_WARN_UNDECLARED_SELECTOR = YES;
				GCC_WARN_UNINITIALIZED_AUTOS = YES_AGGRESSIVE;
				GCC_WARN_UNUSED_FUNCTION = YES;
				GCC_WARN_UNUSED_VARIABLE = YES;
				IPHONEOS_DEPLOYMENT_TARGET = 11.1;
				MTL_ENABLE_DEBUG_INFO = YES;
				ONLY_ACTIVE_ARCH = YES;
				SDKROOT = iphoneos;
				SWIFT_ACTIVE_COMPILATION_CONDITIONS = DEBUG;
				SWIFT_OPTIMIZATION_LEVEL = "-Onone";
			};
			name = Debug;
		};
		26689ECB1FD88D750081FA12 /* Release */ = {
			isa = XCBuildConfiguration;
			buildSettings = {
				ALWAYS_SEARCH_USER_PATHS = NO;
				CLANG_ANALYZER_LOCALIZABILITY_NONLOCALIZED = YES;
				CLANG_ANALYZER_NONNULL = YES;
				CLANG_ANALYZER_NUMBER_OBJECT_CONVERSION = YES_AGGRESSIVE;
				CLANG_CXX_LANGUAGE_STANDARD = "gnu++14";
				CLANG_CXX_LIBRARY = "libc++";
				CLANG_ENABLE_MODULES = YES;
				CLANG_ENABLE_OBJC_ARC = YES;
				CLANG_WARN_BLOCK_CAPTURE_AUTORELEASING = YES;
				CLANG_WARN_BOOL_CONVERSION = YES;
				CLANG_WARN_COMMA = YES;
				CLANG_WARN_CONSTANT_CONVERSION = YES;
				CLANG_WARN_DIRECT_OBJC_ISA_USAGE = YES_ERROR;
				CLANG_WARN_DOCUMENTATION_COMMENTS = YES;
				CLANG_WARN_EMPTY_BODY = YES;
				CLANG_WARN_ENUM_CONVERSION = YES;
				CLANG_WARN_INFINITE_RECURSION = YES;
				CLANG_WARN_INT_CONVERSION = YES;
				CLANG_WARN_NON_LITERAL_NULL_CONVERSION = YES;
				CLANG_WARN_OBJC_LITERAL_CONVERSION = YES;
				CLANG_WARN_OBJC_ROOT_CLASS = YES_ERROR;
				CLANG_WARN_RANGE_LOOP_ANALYSIS = YES;
				CLANG_WARN_STRICT_PROTOTYPES = YES;
				CLANG_WARN_SUSPICIOUS_MOVE = YES;
				CLANG_WARN_UNGUARDED_AVAILABILITY = YES_AGGRESSIVE;
				CLANG_WARN_UNREACHABLE_CODE = YES;
				CLANG_WARN__DUPLICATE_METHOD_MATCH = YES;
				CODE_SIGN_IDENTITY = "iPhone Developer";
				COPY_PHASE_STRIP = NO;
				DEBUG_INFORMATION_FORMAT = "dwarf-with-dsym";
				ENABLE_NS_ASSERTIONS = NO;
				ENABLE_STRICT_OBJC_MSGSEND = YES;
				GCC_C_LANGUAGE_STANDARD = gnu11;
				GCC_NO_COMMON_BLOCKS = YES;
				GCC_WARN_64_TO_32_BIT_CONVERSION = YES;
				GCC_WARN_ABOUT_RETURN_TYPE = YES_ERROR;
				GCC_WARN_UNDECLARED_SELECTOR = YES;
				GCC_WARN_UNINITIALIZED_AUTOS = YES_AGGRESSIVE;
				GCC_WARN_UNUSED_FUNCTION = YES;
				GCC_WARN_UNUSED_VARIABLE = YES;
				IPHONEOS_DEPLOYMENT_TARGET = 11.1;
				MTL_ENABLE_DEBUG_INFO = NO;
				SDKROOT = iphoneos;
				SWIFT_OPTIMIZATION_LEVEL = "-Owholemodule";
				VALIDATE_PRODUCT = YES;
			};
			name = Release;
		};
		26689ECD1FD88D750081FA12 /* Debug */ = {
			isa = XCBuildConfiguration;
			baseConfigurationReference = 84CE240C4990A8DFD5C6E58F /* Pods-eUniversity.debug.xcconfig */;
			buildSettings = {
				ASSETCATALOG_COMPILER_APPICON_NAME = AppIcon;
				CODE_SIGN_ENTITLEMENTS = eUniversity/eUniversity.entitlements;
				"CODE_SIGN_IDENTITY[sdk=iphoneos*]" = "iPhone Developer";
				CODE_SIGN_STYLE = Automatic;
				DEVELOPMENT_TEAM = CJ46N4ZVC7;
				INFOPLIST_FILE = eUniversity/Info.plist;
				IPHONEOS_DEPLOYMENT_TARGET = 9.3;
				LD_RUNPATH_SEARCH_PATHS = "$(inherited) @executable_path/Frameworks";
				PRODUCT_BUNDLE_IDENTIFIER = "test.e-university.app";
				PRODUCT_NAME = "$(TARGET_NAME)";
				PROVISIONING_PROFILE_SPECIFIER = "";
				SWIFT_VERSION = 4.0;
				TARGETED_DEVICE_FAMILY = 1;
			};
			name = Debug;
		};
		26689ECE1FD88D750081FA12 /* Release */ = {
			isa = XCBuildConfiguration;
			baseConfigurationReference = 51A44620912D2CCE2A144659 /* Pods-eUniversity.release.xcconfig */;
			buildSettings = {
				ASSETCATALOG_COMPILER_APPICON_NAME = AppIcon;
				CODE_SIGN_ENTITLEMENTS = eUniversity/eUniversity.entitlements;
				"CODE_SIGN_IDENTITY[sdk=iphoneos*]" = "iPhone Developer";
				CODE_SIGN_STYLE = Automatic;
				DEVELOPMENT_TEAM = CJ46N4ZVC7;
				INFOPLIST_FILE = eUniversity/Info.plist;
				IPHONEOS_DEPLOYMENT_TARGET = 9.3;
				LD_RUNPATH_SEARCH_PATHS = "$(inherited) @executable_path/Frameworks";
				PRODUCT_BUNDLE_IDENTIFIER = "test.e-university.app";
				PRODUCT_NAME = "$(TARGET_NAME)";
				PROVISIONING_PROFILE_SPECIFIER = "";
				SWIFT_VERSION = 4.0;
				TARGETED_DEVICE_FAMILY = 1;
			};
			name = Release;
		};
		26689ED01FD88D750081FA12 /* Debug */ = {
			isa = XCBuildConfiguration;
			baseConfigurationReference = 6E957F90A1FCD0E0AAE0CB89 /* Pods-eUniversityTests.debug.xcconfig */;
			buildSettings = {
				ALWAYS_EMBED_SWIFT_STANDARD_LIBRARIES = YES;
				BUNDLE_LOADER = "$(TEST_HOST)";
				CODE_SIGN_STYLE = Automatic;
				DEVELOPMENT_TEAM = V22WVYK73P;
				INFOPLIST_FILE = eUniversityTests/Info.plist;
				LD_RUNPATH_SEARCH_PATHS = "$(inherited) @executable_path/Frameworks @loader_path/Frameworks";
				PRODUCT_BUNDLE_IDENTIFIER = com.assignment.eUniversityTests;
				PRODUCT_NAME = "$(TARGET_NAME)";
				SWIFT_VERSION = 4.0;
				TARGETED_DEVICE_FAMILY = "1,2";
				TEST_HOST = "$(BUILT_PRODUCTS_DIR)/eUniversity.app/eUniversity";
			};
			name = Debug;
		};
		26689ED11FD88D750081FA12 /* Release */ = {
			isa = XCBuildConfiguration;
			baseConfigurationReference = 30246A090C2A79544AF43C6F /* Pods-eUniversityTests.release.xcconfig */;
			buildSettings = {
				ALWAYS_EMBED_SWIFT_STANDARD_LIBRARIES = YES;
				BUNDLE_LOADER = "$(TEST_HOST)";
				CODE_SIGN_STYLE = Automatic;
				DEVELOPMENT_TEAM = V22WVYK73P;
				INFOPLIST_FILE = eUniversityTests/Info.plist;
				LD_RUNPATH_SEARCH_PATHS = "$(inherited) @executable_path/Frameworks @loader_path/Frameworks";
				PRODUCT_BUNDLE_IDENTIFIER = com.assignment.eUniversityTests;
				PRODUCT_NAME = "$(TARGET_NAME)";
				SWIFT_VERSION = 4.0;
				TARGETED_DEVICE_FAMILY = "1,2";
				TEST_HOST = "$(BUILT_PRODUCTS_DIR)/eUniversity.app/eUniversity";
			};
			name = Release;
		};
		26689ED31FD88D750081FA12 /* Debug */ = {
			isa = XCBuildConfiguration;
			baseConfigurationReference = 2ADD89B371D009F6E83D9884 /* Pods-eUniversityUITests.debug.xcconfig */;
			buildSettings = {
				ALWAYS_EMBED_SWIFT_STANDARD_LIBRARIES = YES;
				CODE_SIGN_STYLE = Automatic;
				DEVELOPMENT_TEAM = V22WVYK73P;
				INFOPLIST_FILE = eUniversityUITests/Info.plist;
				LD_RUNPATH_SEARCH_PATHS = "$(inherited) @executable_path/Frameworks @loader_path/Frameworks";
				PRODUCT_BUNDLE_IDENTIFIER = com.assignment.eUniversityUITests;
				PRODUCT_NAME = "$(TARGET_NAME)";
				SWIFT_VERSION = 4.0;
				TARGETED_DEVICE_FAMILY = "1,2";
				TEST_TARGET_NAME = eUniversity;
			};
			name = Debug;
		};
		26689ED41FD88D750081FA12 /* Release */ = {
			isa = XCBuildConfiguration;
			baseConfigurationReference = 4BA83261C97491FB854026F2 /* Pods-eUniversityUITests.release.xcconfig */;
			buildSettings = {
				ALWAYS_EMBED_SWIFT_STANDARD_LIBRARIES = YES;
				CODE_SIGN_STYLE = Automatic;
				DEVELOPMENT_TEAM = V22WVYK73P;
				INFOPLIST_FILE = eUniversityUITests/Info.plist;
				LD_RUNPATH_SEARCH_PATHS = "$(inherited) @executable_path/Frameworks @loader_path/Frameworks";
				PRODUCT_BUNDLE_IDENTIFIER = com.assignment.eUniversityUITests;
				PRODUCT_NAME = "$(TARGET_NAME)";
				SWIFT_VERSION = 4.0;
				TARGETED_DEVICE_FAMILY = "1,2";
				TEST_TARGET_NAME = eUniversity;
			};
			name = Release;
		};
/* End XCBuildConfiguration section */

/* Begin XCConfigurationList section */
		26689E9D1FD88D750081FA12 /* Build configuration list for PBXProject "eUniversity" */ = {
			isa = XCConfigurationList;
			buildConfigurations = (
				26689ECA1FD88D750081FA12 /* Debug */,
				26689ECB1FD88D750081FA12 /* Release */,
			);
			defaultConfigurationIsVisible = 0;
			defaultConfigurationName = Release;
		};
		26689ECC1FD88D750081FA12 /* Build configuration list for PBXNativeTarget "eUniversity" */ = {
			isa = XCConfigurationList;
			buildConfigurations = (
				26689ECD1FD88D750081FA12 /* Debug */,
				26689ECE1FD88D750081FA12 /* Release */,
			);
			defaultConfigurationIsVisible = 0;
			defaultConfigurationName = Release;
		};
		26689ECF1FD88D750081FA12 /* Build configuration list for PBXNativeTarget "eUniversityTests" */ = {
			isa = XCConfigurationList;
			buildConfigurations = (
				26689ED01FD88D750081FA12 /* Debug */,
				26689ED11FD88D750081FA12 /* Release */,
			);
			defaultConfigurationIsVisible = 0;
			defaultConfigurationName = Release;
		};
		26689ED21FD88D750081FA12 /* Build configuration list for PBXNativeTarget "eUniversityUITests" */ = {
			isa = XCConfigurationList;
			buildConfigurations = (
				26689ED31FD88D750081FA12 /* Debug */,
				26689ED41FD88D750081FA12 /* Release */,
			);
			defaultConfigurationIsVisible = 0;
			defaultConfigurationName = Release;
		};
/* End XCConfigurationList section */
	};
	rootObject = 26689E9A1FD88D750081FA12 /* Project object */;
}
